# This file is automatically @generated by Cargo.
# It is not intended for manual editing.
version = 3

[[package]]
name = "cov-mark"
version = "1.1.0"
source = "registry+https://github.com/rust-lang/crates.io-index"
checksum = "9ffa3d3e0138386cd4361f63537765cac7ee40698028844635a54495a92f67f3"

[[package]]
name = "fzf_oxide"
version = "0.1.0"
dependencies = [
 "cov-mark",
 "memchr",
]

[[package]]
name = "memchr"
version = "2.5.0"
source = "registry+https://github.com/rust-lang/crates.io-index"
checksum = "2dffe52ecf27772e601905b7522cb4ef790d2cc203488bbd0e2fe85fcb74566d"
